
Microsoft Visual Studio Solution File, Format Version 12.00
# Visual Studio 14
VisualStudioVersion = 14.0.25123.0
MinimumVisualStudioVersion = 10.0.40219.1
Project("{2150E333-8FDC-42A3-9474-1A3956D46DE8}") = "Tomato.Mvvm.Core", "Tomato.Mvvm.Core", "{E08BE17D-39B4-433B-9DB7-B7BC875E8256}"
EndProject
Project("{D954291E-2A0B-460D-934E-DC6B0785DB48}") = "Tomato.Mvvm.Core", "Tomato.Mvvm.Core\Tomato.Mvvm.Core.shproj", "{83E02C84-EC7A-4190-8B65-2AEA9C6D310E}"
EndProject
Project("{FAE04EC0-301F-11D3-BF4B-00C04F79EFBC}") = "Tomato.Mvvm.Core.Net40", "Tomato.Mvvm.Core.Net40\Tomato.Mvvm.Core.Net40.csproj", "{F8C1F6C6-6F19-40C8-A999-56F71FF6FD3B}"
EndProject
Project("{FAE04EC0-301F-11D3-BF4B-00C04F79EFBC}") = "Tomato.Mvvm.Core.Net45", "Tomato.Mvvm.Core.Net45\Tomato.Mvvm.Core.Net45.csproj", "{988B354C-B493-4C60-B515-9815EEE8C6FF}"
EndProject
Project("{2150E333-8FDC-42A3-9474-1A3956D46DE8}") = "Tomato.Mvvm.Xaml", "Tomato.Mvvm.Xaml", "{68684B2A-1E7C-483C-BB45-2E9C20100FAA}"
EndProject
Project("{D954291E-2A0B-460D-934E-DC6B0785DB48}") = "Tomato.Mvvm.Xaml", "Tomato.Mvvm.Xaml\Tomato.Mvvm.Xaml.shproj", "{B542CB16-9E5A-43CF-842B-FF4CD657D50F}"
EndProject
Project("{D954291E-2A0B-460D-934E-DC6B0785DB48}") = "Tomato.Mvvm.Xaml.Desktop", "Tomato.Mvvm.Xaml.Desktop\Tomato.Mvvm.Xaml.Desktop.shproj", "{A7244181-1165-46D9-8E3A-19FD677F85BA}"
EndProject
Project("{FAE04EC0-301F-11D3-BF4B-00C04F79EFBC}") = "Tomato.Mvvm.Xaml.Desktop.Net40", "Tomato.Mvvm.Xaml.Desktop.Net40\Tomato.Mvvm.Xaml.Desktop.Net40.csproj", "{A1FCDC35-E8A3-4C2C-882C-E3BB1E360FDB}"
EndProject
Project("{FAE04EC0-301F-11D3-BF4B-00C04F79EFBC}") = "Tomato.Mvvm.Xaml.Desktop.Net45", "Tomato.Mvvm.Xaml.Desktop.Net45\Tomato.Mvvm.Xaml.Desktop.Net45.csproj", "{86A08950-6C91-414D-85B8-5E1298E59599}"
EndProject
Project("{FAE04EC0-301F-11D3-BF4B-00C04F79EFBC}") = "Tomato.Mvvm.Xaml.Uwp", "Tomato.Mvvm.Xaml.Uwp\Tomato.Mvvm.Xaml.Uwp.csproj", "{5E763A94-28A7-4DB1-9ED3-26DE5A41CC31}"
EndProject
Project("{2150E333-8FDC-42A3-9474-1A3956D46DE8}") = "Tomato.Threading", "Tomato.Threading", "{D07F2AD8-0831-4F15-9B35-99D540DAA7EF}"
EndProject
Project("{D954291E-2A0B-460D-934E-DC6B0785DB48}") = "Tomato.Threading", "..\Tomato.Threading\Tomato.Threading\Tomato.Threading.shproj", "{441C2F48-79E5-4563-9DC1-A5645FB4C67A}"
EndProject
Project("{D954291E-2A0B-460D-934E-DC6B0785DB48}") = "Tomato.Threading.Desktop", "Tomato.Threading\Tomato.Threading.Desktop\Tomato.Threading.Desktop.shproj", "{6669A131-611D-4B8E-B946-B27586835D19}"
EndProject
Project("{FAE04EC0-301F-11D3-BF4B-00C04F79EFBC}") = "Tomato.Threading.Desktop.Net40", "Tomato.Threading\Tomato.Threading.Desktop.Net40\Tomato.Threading.Desktop.Net40.csproj", "{536EFB2B-D6EB-4F65-B06F-2EF1E7B8D66A}"
EndProject
Project("{FAE04EC0-301F-11D3-BF4B-00C04F79EFBC}") = "Tomato.Threading.Uwp", "Tomato.Threading\Tomato.Threading.Uwp\Tomato.Threading.Uwp.csproj", "{938AD2FC-80A8-408E-91A4-BB659A880D85}"
EndProject
Project("{FAE04EC0-301F-11D3-BF4B-00C04F79EFBC}") = "Tomato.Threading.Desktop.Net45", "Tomato.Threading\Tomato.Threading.Desktop.Net45\Tomato.Threading.Desktop.Net45.csproj", "{6DCB113C-961A-4EB9-BA80-AA86E73F6D68}"
EndProject
Project("{2150E333-8FDC-42A3-9474-1A3956D46DE8}") = "Tomato.Mvvm.Caliburn", "Tomato.Mvvm.Caliburn", "{5142F925-8C15-4F35-BF53-0F977F85F3D0}"
EndProject
Project("{D954291E-2A0B-460D-934E-DC6B0785DB48}") = "Tomato.Mvvm.Caliburn", "Tomato.Mvvm.Caliburn\Tomato.Mvvm.Caliburn\Tomato.Mvvm.Caliburn.shproj", "{77BDB939-370F-40A2-AEDB-35B40BDB868F}"
EndProject
Project("{FAE04EC0-301F-11D3-BF4B-00C04F79EFBC}") = "Tomato.Mvvm.Caliburn.Net40", "Tomato.Mvvm.Caliburn\Tomato.Mvvm.Caliburn.Net40\Tomato.Mvvm.Caliburn.Net40.csproj", "{5F1DBC63-37BA-409A-B294-04B34A6E952C}"
EndProject
Project("{FAE04EC0-301F-11D3-BF4B-00C04F79EFBC}") = "Tomato.Mvvm.Caliburn.Net45", "Tomato.Mvvm.Caliburn\Tomato.Mvvm.Caliburn.Net45\Tomato.Mvvm.Caliburn.Net45.csproj", "{E1304D0B-24D1-4B9F-9C88-51D730BADA73}"
EndProject
Project("{FAE04EC0-301F-11D3-BF4B-00C04F79EFBC}") = "Test", "Tomato.Threading\Test\Test.csproj", "{8856B17C-7DE6-4BCE-9A69-89A91BE6E59D}"
EndProject
Global
	GlobalSection(SharedMSBuildProjectFiles) = preSolution
		Tomato.Mvvm.Caliburn\Tomato.Mvvm.Caliburn\Tomato.Mvvm.Caliburn.projitems*{e1304d0b-24d1-4b9f-9c88-51d730bada73}*SharedItemsImports = 4
		..\Tomato.Threading\Tomato.Threading\Tomato.Threading.projitems*{441c2f48-79e5-4563-9dc1-a5645fb4c67a}*SharedItemsImports = 13
		..\Tomato.Threading\Tomato.Threading\Tomato.Threading.projitems*{938ad2fc-80a8-408e-91a4-bb659a880d85}*SharedItemsImports = 4
		Tomato.Mvvm.Xaml\Tomato.Mvvm.Xaml.projitems*{a1fcdc35-e8a3-4c2c-882c-e3bb1e360fdb}*SharedItemsImports = 4
		Tomato.Mvvm.Xaml.Desktop\Tomato.Mvvm.Xaml.Desktop.projitems*{a1fcdc35-e8a3-4c2c-882c-e3bb1e360fdb}*SharedItemsImports = 4
		..\Tomato.Threading\Tomato.Threading\Tomato.Threading.projitems*{536efb2b-d6eb-4f65-b06f-2ef1e7b8d66a}*SharedItemsImports = 4
		Tomato.Threading\Tomato.Threading.Desktop\Tomato.Threading.Desktop.projitems*{536efb2b-d6eb-4f65-b06f-2ef1e7b8d66a}*SharedItemsImports = 4
		Tomato.Mvvm.Xaml.Desktop\Tomato.Mvvm.Xaml.Desktop.projitems*{a7244181-1165-46d9-8e3a-19fd677f85ba}*SharedItemsImports = 13
		Tomato.Mvvm.Core\Tomato.Mvvm.Core.projitems*{988b354c-b493-4c60-b515-9815eee8c6ff}*SharedItemsImports = 4
		Tomato.Mvvm.Xaml\Tomato.Mvvm.Xaml.projitems*{86a08950-6c91-414d-85b8-5e1298e59599}*SharedItemsImports = 4
		Tomato.Mvvm.Xaml.Desktop\Tomato.Mvvm.Xaml.Desktop.projitems*{86a08950-6c91-414d-85b8-5e1298e59599}*SharedItemsImports = 4
		Tomato.Threading\Tomato.Threading.Desktop\Tomato.Threading.Desktop.projitems*{6669a131-611d-4b8e-b946-b27586835d19}*SharedItemsImports = 13
		Tomato.Mvvm.Core\Tomato.Mvvm.Core.projitems*{f8c1f6c6-6f19-40c8-a999-56f71ff6fd3b}*SharedItemsImports = 4
		Tomato.Mvvm.Xaml\Tomato.Mvvm.Xaml.projitems*{b542cb16-9e5a-43cf-842b-ff4cd657d50f}*SharedItemsImports = 13
		Tomato.Mvvm.Core\Tomato.Mvvm.Core.projitems*{83e02c84-ec7a-4190-8b65-2aea9c6d310e}*SharedItemsImports = 13
		Tomato.Mvvm.Xaml\Tomato.Mvvm.Xaml.projitems*{5e763a94-28a7-4db1-9ed3-26de5a41cc31}*SharedItemsImports = 4
		..\Tomato.Threading\Tomato.Threading\Tomato.Threading.projitems*{6dcb113c-961a-4eb9-ba80-aa86e73f6d68}*SharedItemsImports = 4
		Tomato.Threading\Tomato.Threading.Desktop\Tomato.Threading.Desktop.projitems*{6dcb113c-961a-4eb9-ba80-aa86e73f6d68}*SharedItemsImports = 4
		Tomato.Mvvm.Caliburn\Tomato.Mvvm.Caliburn\Tomato.Mvvm.Caliburn.projitems*{5f1dbc63-37ba-409a-b294-04b34a6e952c}*SharedItemsImports = 4
		Tomato.Mvvm.Caliburn\Tomato.Mvvm.Caliburn\Tomato.Mvvm.Caliburn.projitems*{77bdb939-370f-40a2-aedb-35b40bdb868f}*SharedItemsImports = 13
	EndGlobalSection
	GlobalSection(SolutionConfigurationPlatforms) = preSolution
		Debug|Any CPU = Debug|Any CPU
		Debug|ARM = Debug|ARM
		Debug|x64 = Debug|x64
		Debug|x86 = Debug|x86
		Release|Any CPU = Release|Any CPU
		Release|ARM = Release|ARM
		Release|x64 = Release|x64
		Release|x86 = Release|x86
	EndGlobalSection
	GlobalSection(ProjectConfigurationPlatforms) = postSolution
		{F8C1F6C6-6F19-40C8-A999-56F71FF6FD3B}.Debug|Any CPU.ActiveCfg = Debug|Any CPU
		{F8C1F6C6-6F19-40C8-A999-56F71FF6FD3B}.Debug|Any CPU.Build.0 = Debug|Any CPU
		{F8C1F6C6-6F19-40C8-A999-56F71FF6FD3B}.Debug|ARM.ActiveCfg = Debug|Any CPU
		{F8C1F6C6-6F19-40C8-A999-56F71FF6FD3B}.Debug|ARM.Build.0 = Debug|Any CPU
		{F8C1F6C6-6F19-40C8-A999-56F71FF6FD3B}.Debug|x64.ActiveCfg = Debug|Any CPU
		{F8C1F6C6-6F19-40C8-A999-56F71FF6FD3B}.Debug|x64.Build.0 = Debug|Any CPU
		{F8C1F6C6-6F19-40C8-A999-56F71FF6FD3B}.Debug|x86.ActiveCfg = Debug|Any CPU
		{F8C1F6C6-6F19-40C8-A999-56F71FF6FD3B}.Debug|x86.Build.0 = Debug|Any CPU
		{F8C1F6C6-6F19-40C8-A999-56F71FF6FD3B}.Release|Any CPU.ActiveCfg = Release|Any CPU
		{F8C1F6C6-6F19-40C8-A999-56F71FF6FD3B}.Release|Any CPU.Build.0 = Release|Any CPU
		{F8C1F6C6-6F19-40C8-A999-56F71FF6FD3B}.Release|ARM.ActiveCfg = Release|Any CPU
		{F8C1F6C6-6F19-40C8-A999-56F71FF6FD3B}.Release|ARM.Build.0 = Release|Any CPU
		{F8C1F6C6-6F19-40C8-A999-56F71FF6FD3B}.Release|x64.ActiveCfg = Release|Any CPU
		{F8C1F6C6-6F19-40C8-A999-56F71FF6FD3B}.Release|x64.Build.0 = Release|Any CPU
		{F8C1F6C6-6F19-40C8-A999-56F71FF6FD3B}.Release|x86.ActiveCfg = Release|Any CPU
		{F8C1F6C6-6F19-40C8-A999-56F71FF6FD3B}.Release|x86.Build.0 = Release|Any CPU
		{988B354C-B493-4C60-B515-9815EEE8C6FF}.Debug|Any CPU.ActiveCfg = Debug|Any CPU
		{988B354C-B493-4C60-B515-9815EEE8C6FF}.Debug|Any CPU.Build.0 = Debug|Any CPU
		{988B354C-B493-4C60-B515-9815EEE8C6FF}.Debug|ARM.ActiveCfg = Debug|Any CPU
		{988B354C-B493-4C60-B515-9815EEE8C6FF}.Debug|ARM.Build.0 = Debug|Any CPU
		{988B354C-B493-4C60-B515-9815EEE8C6FF}.Debug|x64.ActiveCfg = Debug|Any CPU
		{988B354C-B493-4C60-B515-9815EEE8C6FF}.Debug|x64.Build.0 = Debug|Any CPU
		{988B354C-B493-4C60-B515-9815EEE8C6FF}.Debug|x86.ActiveCfg = Debug|Any CPU
		{988B354C-B493-4C60-B515-9815EEE8C6FF}.Debug|x86.Build.0 = Debug|Any CPU
		{988B354C-B493-4C60-B515-9815EEE8C6FF}.Release|Any CPU.ActiveCfg = Release|Any CPU
		{988B354C-B493-4C60-B515-9815EEE8C6FF}.Release|Any CPU.Build.0 = Release|Any CPU
		{988B354C-B493-4C60-B515-9815EEE8C6FF}.Release|ARM.ActiveCfg = Release|Any CPU
		{988B354C-B493-4C60-B515-9815EEE8C6FF}.Release|ARM.Build.0 = Release|Any CPU
		{988B354C-B493-4C60-B515-9815EEE8C6FF}.Release|x64.ActiveCfg = Release|Any CPU
		{988B354C-B493-4C60-B515-9815EEE8C6FF}.Release|x64.Build.0 = Release|Any CPU
		{988B354C-B493-4C60-B515-9815EEE8C6FF}.Release|x86.ActiveCfg = Release|Any CPU
		{988B354C-B493-4C60-B515-9815EEE8C6FF}.Release|x86.Build.0 = Release|Any CPU
		{A1FCDC35-E8A3-4C2C-882C-E3BB1E360FDB}.Debug|Any CPU.ActiveCfg = Debug|Any CPU
		{A1FCDC35-E8A3-4C2C-882C-E3BB1E360FDB}.Debug|Any CPU.Build.0 = Debug|Any CPU
		{A1FCDC35-E8A3-4C2C-882C-E3BB1E360FDB}.Debug|ARM.ActiveCfg = Debug|Any CPU
		{A1FCDC35-E8A3-4C2C-882C-E3BB1E360FDB}.Debug|ARM.Build.0 = Debug|Any CPU
		{A1FCDC35-E8A3-4C2C-882C-E3BB1E360FDB}.Debug|x64.ActiveCfg = Debug|Any CPU
		{A1FCDC35-E8A3-4C2C-882C-E3BB1E360FDB}.Debug|x64.Build.0 = Debug|Any CPU
		{A1FCDC35-E8A3-4C2C-882C-E3BB1E360FDB}.Debug|x86.ActiveCfg = Debug|Any CPU
		{A1FCDC35-E8A3-4C2C-882C-E3BB1E360FDB}.Debug|x86.Build.0 = Debug|Any CPU
		{A1FCDC35-E8A3-4C2C-882C-E3BB1E360FDB}.Release|Any CPU.ActiveCfg = Release|Any CPU
		{A1FCDC35-E8A3-4C2C-882C-E3BB1E360FDB}.Release|Any CPU.Build.0 = Release|Any CPU
		{A1FCDC35-E8A3-4C2C-882C-E3BB1E360FDB}.Release|ARM.ActiveCfg = Release|Any CPU
		{A1FCDC35-E8A3-4C2C-882C-E3BB1E360FDB}.Release|ARM.Build.0 = Release|Any CPU
		{A1FCDC35-E8A3-4C2C-882C-E3BB1E360FDB}.Release|x64.ActiveCfg = Release|Any CPU
		{A1FCDC35-E8A3-4C2C-882C-E3BB1E360FDB}.Release|x64.Build.0 = Release|Any CPU
		{A1FCDC35-E8A3-4C2C-882C-E3BB1E360FDB}.Release|x86.ActiveCfg = Release|Any CPU
		{A1FCDC35-E8A3-4C2C-882C-E3BB1E360FDB}.Release|x86.Build.0 = Release|Any CPU
		{86A08950-6C91-414D-85B8-5E1298E59599}.Debug|Any CPU.ActiveCfg = Debug|Any CPU
		{86A08950-6C91-414D-85B8-5E1298E59599}.Debug|Any CPU.Build.0 = Debug|Any CPU
		{86A08950-6C91-414D-85B8-5E1298E59599}.Debug|ARM.ActiveCfg = Debug|Any CPU
		{86A08950-6C91-414D-85B8-5E1298E59599}.Debug|ARM.Build.0 = Debug|Any CPU
		{86A08950-6C91-414D-85B8-5E1298E59599}.Debug|x64.ActiveCfg = Debug|Any CPU
		{86A08950-6C91-414D-85B8-5E1298E59599}.Debug|x64.Build.0 = Debug|Any CPU
		{86A08950-6C91-414D-85B8-5E1298E59599}.Debug|x86.ActiveCfg = Debug|Any CPU
		{86A08950-6C91-414D-85B8-5E1298E59599}.Debug|x86.Build.0 = Debug|Any CPU
		{86A08950-6C91-414D-85B8-5E1298E59599}.Release|Any CPU.ActiveCfg = Release|Any CPU
		{86A08950-6C91-414D-85B8-5E1298E59599}.Release|Any CPU.Build.0 = Release|Any CPU
		{86A08950-6C91-414D-85B8-5E1298E59599}.Release|ARM.ActiveCfg = Release|Any CPU
		{86A08950-6C91-414D-85B8-5E1298E59599}.Release|ARM.Build.0 = Release|Any CPU
		{86A08950-6C91-414D-85B8-5E1298E59599}.Release|x64.ActiveCfg = Release|Any CPU
		{86A08950-6C91-414D-85B8-5E1298E59599}.Release|x64.Build.0 = Release|Any CPU
		{86A08950-6C91-414D-85B8-5E1298E59599}.Release|x86.ActiveCfg = Release|Any CPU
		{86A08950-6C91-414D-85B8-5E1298E59599}.Release|x86.Build.0 = Release|Any CPU
		{5E763A94-28A7-4DB1-9ED3-26DE5A41CC31}.Debug|Any CPU.ActiveCfg = Debug|Any CPU
		{5E763A94-28A7-4DB1-9ED3-26DE5A41CC31}.Debug|Any CPU.Build.0 = Debug|Any CPU
		{5E763A94-28A7-4DB1-9ED3-26DE5A41CC31}.Debug|ARM.ActiveCfg = Debug|ARM
		{5E763A94-28A7-4DB1-9ED3-26DE5A41CC31}.Debug|ARM.Build.0 = Debug|ARM
		{5E763A94-28A7-4DB1-9ED3-26DE5A41CC31}.Debug|x64.ActiveCfg = Debug|x64
		{5E763A94-28A7-4DB1-9ED3-26DE5A41CC31}.Debug|x64.Build.0 = Debug|x64
		{5E763A94-28A7-4DB1-9ED3-26DE5A41CC31}.Debug|x86.ActiveCfg = Debug|x86
		{5E763A94-28A7-4DB1-9ED3-26DE5A41CC31}.Debug|x86.Build.0 = Debug|x86
		{5E763A94-28A7-4DB1-9ED3-26DE5A41CC31}.Release|Any CPU.ActiveCfg = Release|Any CPU
		{5E763A94-28A7-4DB1-9ED3-26DE5A41CC31}.Release|Any CPU.Build.0 = Release|Any CPU
		{5E763A94-28A7-4DB1-9ED3-26DE5A41CC31}.Release|ARM.ActiveCfg = Release|ARM
		{5E763A94-28A7-4DB1-9ED3-26DE5A41CC31}.Release|ARM.Build.0 = Release|ARM
		{5E763A94-28A7-4DB1-9ED3-26DE5A41CC31}.Release|x64.ActiveCfg = Release|x64
		{5E763A94-28A7-4DB1-9ED3-26DE5A41CC31}.Release|x64.Build.0 = Release|x64
		{5E763A94-28A7-4DB1-9ED3-26DE5A41CC31}.Release|x86.ActiveCfg = Release|x86
		{5E763A94-28A7-4DB1-9ED3-26DE5A41CC31}.Release|x86.Build.0 = Release|x86
		{536EFB2B-D6EB-4F65-B06F-2EF1E7B8D66A}.Debug|Any CPU.ActiveCfg = Debug|Any CPU
		{536EFB2B-D6EB-4F65-B06F-2EF1E7B8D66A}.Debug|Any CPU.Build.0 = Debug|Any CPU
		{536EFB2B-D6EB-4F65-B06F-2EF1E7B8D66A}.Debug|ARM.ActiveCfg = Debug|Any CPU
		{536EFB2B-D6EB-4F65-B06F-2EF1E7B8D66A}.Debug|ARM.Build.0 = Debug|Any CPU
		{536EFB2B-D6EB-4F65-B06F-2EF1E7B8D66A}.Debug|x64.ActiveCfg = Debug|Any CPU
		{536EFB2B-D6EB-4F65-B06F-2EF1E7B8D66A}.Debug|x64.Build.0 = Debug|Any CPU
		{536EFB2B-D6EB-4F65-B06F-2EF1E7B8D66A}.Debug|x86.ActiveCfg = Debug|Any CPU
		{536EFB2B-D6EB-4F65-B06F-2EF1E7B8D66A}.Debug|x86.Build.0 = Debug|Any CPU
		{536EFB2B-D6EB-4F65-B06F-2EF1E7B8D66A}.Release|Any CPU.ActiveCfg = Release|Any CPU
		{536EFB2B-D6EB-4F65-B06F-2EF1E7B8D66A}.Release|Any CPU.Build.0 = Release|Any CPU
		{536EFB2B-D6EB-4F65-B06F-2EF1E7B8D66A}.Release|ARM.ActiveCfg = Release|Any CPU
		{536EFB2B-D6EB-4F65-B06F-2EF1E7B8D66A}.Release|ARM.Build.0 = Release|Any CPU
		{536EFB2B-D6EB-4F65-B06F-2EF1E7B8D66A}.Release|x64.ActiveCfg = Release|Any CPU
		{536EFB2B-D6EB-4F65-B06F-2EF1E7B8D66A}.Release|x64.Build.0 = Release|Any CPU
		{536EFB2B-D6EB-4F65-B06F-2EF1E7B8D66A}.Release|x86.ActiveCfg = Release|Any CPU
		{536EFB2B-D6EB-4F65-B06F-2EF1E7B8D66A}.Release|x86.Build.0 = Release|Any CPU
		{938AD2FC-80A8-408E-91A4-BB659A880D85}.Debug|Any CPU.ActiveCfg = Debug|Any CPU
		{938AD2FC-80A8-408E-91A4-BB659A880D85}.Debug|Any CPU.Build.0 = Debug|Any CPU
		{938AD2FC-80A8-408E-91A4-BB659A880D85}.Debug|ARM.ActiveCfg = Debug|ARM
		{938AD2FC-80A8-408E-91A4-BB659A880D85}.Debug|ARM.Build.0 = Debug|ARM
		{938AD2FC-80A8-408E-91A4-BB659A880D85}.Debug|x64.ActiveCfg = Debug|x64
		{938AD2FC-80A8-408E-91A4-BB659A880D85}.Debug|x64.Build.0 = Debug|x64
		{938AD2FC-80A8-408E-91A4-BB659A880D85}.Debug|x86.ActiveCfg = Debug|x86
		{938AD2FC-80A8-408E-91A4-BB659A880D85}.Debug|x86.Build.0 = Debug|x86
		{938AD2FC-80A8-408E-91A4-BB659A880D85}.Release|Any CPU.ActiveCfg = Release|Any CPU
		{938AD2FC-80A8-408E-91A4-BB659A880D85}.Release|Any CPU.Build.0 = Release|Any CPU
		{938AD2FC-80A8-408E-91A4-BB659A880D85}.Release|ARM.ActiveCfg = Release|ARM
		{938AD2FC-80A8-408E-91A4-BB659A880D85}.Release|ARM.Build.0 = Release|ARM
		{938AD2FC-80A8-408E-91A4-BB659A880D85}.Release|x64.ActiveCfg = Release|x64
		{938AD2FC-80A8-408E-91A4-BB659A880D85}.Release|x64.Build.0 = Release|x64
		{938AD2FC-80A8-408E-91A4-BB659A880D85}.Release|x86.ActiveCfg = Release|x86
		{938AD2FC-80A8-408E-91A4-BB659A880D85}.Release|x86.Build.0 = Release|x86
		{6DCB113C-961A-4EB9-BA80-AA86E73F6D68}.Debug|Any CPU.ActiveCfg = Debug|Any CPU
		{6DCB113C-961A-4EB9-BA80-AA86E73F6D68}.Debug|Any CPU.Build.0 = Debug|Any CPU
		{6DCB113C-961A-4EB9-BA80-AA86E73F6D68}.Debug|ARM.ActiveCfg = Debug|Any CPU
		{6DCB113C-961A-4EB9-BA80-AA86E73F6D68}.Debug|ARM.Build.0 = Debug|Any CPU
		{6DCB113C-961A-4EB9-BA80-AA86E73F6D68}.Debug|x64.ActiveCfg = Debug|Any CPU
		{6DCB113C-961A-4EB9-BA80-AA86E73F6D68}.Debug|x64.Build.0 = Debug|Any CPU
		{6DCB113C-961A-4EB9-BA80-AA86E73F6D68}.Debug|x86.ActiveCfg = Debug|Any CPU
		{6DCB113C-961A-4EB9-BA80-AA86E73F6D68}.Debug|x86.Build.0 = Debug|Any CPU
		{6DCB113C-961A-4EB9-BA80-AA86E73F6D68}.Release|Any CPU.ActiveCfg = Release|Any CPU
		{6DCB113C-961A-4EB9-BA80-AA86E73F6D68}.Release|Any CPU.Build.0 = Release|Any CPU
		{6DCB113C-961A-4EB9-BA80-AA86E73F6D68}.Release|ARM.ActiveCfg = Release|Any CPU
		{6DCB113C-961A-4EB9-BA80-AA86E73F6D68}.Release|ARM.Build.0 = Release|Any CPU
		{6DCB113C-961A-4EB9-BA80-AA86E73F6D68}.Release|x64.ActiveCfg = Release|Any CPU
		{6DCB113C-961A-4EB9-BA80-AA86E73F6D68}.Release|x64.Build.0 = Release|Any CPU
		{6DCB113C-961A-4EB9-BA80-AA86E73F6D68}.Release|x86.ActiveCfg = Release|Any CPU
		{6DCB113C-961A-4EB9-BA80-AA86E73F6D68}.Release|x86.Build.0 = Release|Any CPU
		{5F1DBC63-37BA-409A-B294-04B34A6E952C}.Debug|Any CPU.ActiveCfg = Debug|Any CPU
		{5F1DBC63-37BA-409A-B294-04B34A6E952C}.Debug|Any CPU.Build.0 = Debug|Any CPU
		{5F1DBC63-37BA-409A-B294-04B34A6E952C}.Debug|ARM.ActiveCfg = Debug|Any CPU
		{5F1DBC63-37BA-409A-B294-04B34A6E952C}.Debug|ARM.Build.0 = Debug|Any CPU
		{5F1DBC63-37BA-409A-B294-04B34A6E952C}.Debug|x64.ActiveCfg = Debug|Any CPU
		{5F1DBC63-37BA-409A-B294-04B34A6E952C}.Debug|x64.Build.0 = Debug|Any CPU
		{5F1DBC63-37BA-409A-B294-04B34A6E952C}.Debug|x86.ActiveCfg = Debug|Any CPU
		{5F1DBC63-37BA-409A-B294-04B34A6E952C}.Debug|x86.Build.0 = Debug|Any CPU
		{5F1DBC63-37BA-409A-B294-04B34A6E952C}.Release|Any CPU.ActiveCfg = Release|Any CPU
		{5F1DBC63-37BA-409A-B294-04B34A6E952C}.Release|Any CPU.Build.0 = Release|Any CPU
		{5F1DBC63-37BA-409A-B294-04B34A6E952C}.Release|ARM.ActiveCfg = Release|Any CPU
		{5F1DBC63-37BA-409A-B294-04B34A6E952C}.Release|ARM.Build.0 = Release|Any CPU
		{5F1DBC63-37BA-409A-B294-04B34A6E952C}.Release|x64.ActiveCfg = Release|Any CPU
		{5F1DBC63-37BA-409A-B294-04B34A6E952C}.Release|x64.Build.0 = Release|Any CPU
		{5F1DBC63-37BA-409A-B294-04B34A6E952C}.Release|x86.ActiveCfg = Release|Any CPU
		{5F1DBC63-37BA-409A-B294-04B34A6E952C}.Release|x86.Build.0 = Release|Any CPU
		{E1304D0B-24D1-4B9F-9C88-51D730BADA73}.Debug|Any CPU.ActiveCfg = Debug|Any CPU
		{E1304D0B-24D1-4B9F-9C88-51D730BADA73}.Debug|Any CPU.Build.0 = Debug|Any CPU
		{E1304D0B-24D1-4B9F-9C88-51D730BADA73}.Debug|ARM.ActiveCfg = Debug|Any CPU
		{E1304D0B-24D1-4B9F-9C88-51D730BADA73}.Debug|ARM.Build.0 = Debug|Any CPU
		{E1304D0B-24D1-4B9F-9C88-51D730BADA73}.Debug|x64.ActiveCfg = Debug|Any CPU
		{E1304D0B-24D1-4B9F-9C88-51D730BADA73}.Debug|x64.Build.0 = Debug|Any CPU
		{E1304D0B-24D1-4B9F-9C88-51D730BADA73}.Debug|x86.ActiveCfg = Debug|Any CPU
		{E1304D0B-24D1-4B9F-9C88-51D730BADA73}.Debug|x86.Build.0 = Debug|Any CPU
		{E1304D0B-24D1-4B9F-9C88-51D730BADA73}.Release|Any CPU.ActiveCfg = Release|Any CPU
		{E1304D0B-24D1-4B9F-9C88-51D730BADA73}.Release|Any CPU.Build.0 = Release|Any CPU
		{E1304D0B-24D1-4B9F-9C88-51D730BADA73}.Release|ARM.ActiveCfg = Release|Any CPU
		{E1304D0B-24D1-4B9F-9C88-51D730BADA73}.Release|ARM.Build.0 = Release|Any CPU
		{E1304D0B-24D1-4B9F-9C88-51D730BADA73}.Release|x64.ActiveCfg = Release|Any CPU
		{E1304D0B-24D1-4B9F-9C88-51D730BADA73}.Release|x64.Build.0 = Release|Any CPU
		{E1304D0B-24D1-4B9F-9C88-51D730BADA73}.Release|x86.ActiveCfg = Release|Any CPU
		{E1304D0B-24D1-4B9F-9C88-51D730BADA73}.Release|x86.Build.0 = Release|Any CPU
		{8856B17C-7DE6-4BCE-9A69-89A91BE6E59D}.Debug|Any CPU.ActiveCfg = Debug|x86
		{8856B17C-7DE6-4BCE-9A69-89A91BE6E59D}.Debug|Any CPU.Build.0 = Debug|x86
		{8856B17C-7DE6-4BCE-9A69-89A91BE6E59D}.Debug|ARM.ActiveCfg = Debug|ARM
		{8856B17C-7DE6-4BCE-9A69-89A91BE6E59D}.Debug|ARM.Build.0 = Debug|ARM
		{8856B17C-7DE6-4BCE-9A69-89A91BE6E59D}.Debug|ARM.Deploy.0 = Debug|ARM
		{8856B17C-7DE6-4BCE-9A69-89A91BE6E59D}.Debug|x64.ActiveCfg = Debug|x64
		{8856B17C-7DE6-4BCE-9A69-89A91BE6E59D}.Debug|x64.Build.0 = Debug|x64
		{8856B17C-7DE6-4BCE-9A69-89A91BE6E59D}.Debug|x64.Deploy.0 = Debug|x64
		{8856B17C-7DE6-4BCE-9A69-89A91BE6E59D}.Debug|x86.ActiveCfg = Debug|x86
		{8856B17C-7DE6-4BCE-9A69-89A91BE6E59D}.Debug|x86.Build.0 = Debug|x86
		{8856B17C-7DE6-4BCE-9A69-89A91BE6E59D}.Debug|x86.Deploy.0 = Debug|x86
		{8856B17C-7DE6-4BCE-9A69-89A91BE6E59D}.Release|Any CPU.ActiveCfg = Release|x86
		{8856B17C-7DE6-4BCE-9A69-89A91BE6E59D}.Release|ARM.ActiveCfg = Release|ARM
		{8856B17C-7DE6-4BCE-9A69-89A91BE6E59D}.Release|ARM.Build.0 = Release|ARM
		{8856B17C-7DE6-4BCE-9A69-89A91BE6E59D}.Release|ARM.Deploy.0 = Release|ARM
		{8856B17C-7DE6-4BCE-9A69-89A91BE6E59D}.Release|x64.ActiveCfg = Release|x64
		{8856B17C-7DE6-4BCE-9A69-89A91BE6E59D}.Release|x64.Build.0 = Release|x64
		{8856B17C-7DE6-4BCE-9A69-89A91BE6E59D}.Release|x64.Deploy.0 = Release|x64
		{8856B17C-7DE6-4BCE-9A69-89A91BE6E59D}.Release|x86.ActiveCfg = Release|x86
		{8856B17C-7DE6-4BCE-9A69-89A91BE6E59D}.Release|x86.Build.0 = Release|x86
		{8856B17C-7DE6-4BCE-9A69-89A91BE6E59D}.Release|x86.Deploy.0 = Release|x86
	EndGlobalSection
	GlobalSection(SolutionProperties) = preSolution
		HideSolutionNode = FALSE
	EndGlobalSection
	GlobalSection(NestedProjects) = preSolution
		{83E02C84-EC7A-4190-8B65-2AEA9C6D310E} = {E08BE17D-39B4-433B-9DB7-B7BC875E8256}
		{F8C1F6C6-6F19-40C8-A999-56F71FF6FD3B} = {E08BE17D-39B4-433B-9DB7-B7BC875E8256}
		{988B354C-B493-4C60-B515-9815EEE8C6FF} = {E08BE17D-39B4-433B-9DB7-B7BC875E8256}
		{B542CB16-9E5A-43CF-842B-FF4CD657D50F} = {68684B2A-1E7C-483C-BB45-2E9C20100FAA}
		{A7244181-1165-46D9-8E3A-19FD677F85BA} = {68684B2A-1E7C-483C-BB45-2E9C20100FAA}
		{A1FCDC35-E8A3-4C2C-882C-E3BB1E360FDB} = {68684B2A-1E7C-483C-BB45-2E9C20100FAA}
		{86A08950-6C91-414D-85B8-5E1298E59599} = {68684B2A-1E7C-483C-BB45-2E9C20100FAA}
		{5E763A94-28A7-4DB1-9ED3-26DE5A41CC31} = {68684B2A-1E7C-483C-BB45-2E9C20100FAA}
		{441C2F48-79E5-4563-9DC1-A5645FB4C67A} = {D07F2AD8-0831-4F15-9B35-99D540DAA7EF}
		{6669A131-611D-4B8E-B946-B27586835D19} = {D07F2AD8-0831-4F15-9B35-99D540DAA7EF}
		{536EFB2B-D6EB-4F65-B06F-2EF1E7B8D66A} = {D07F2AD8-0831-4F15-9B35-99D540DAA7EF}
		{938AD2FC-80A8-408E-91A4-BB659A880D85} = {D07F2AD8-0831-4F15-9B35-99D540DAA7EF}
		{6DCB113C-961A-4EB9-BA80-AA86E73F6D68} = {D07F2AD8-0831-4F15-9B35-99D540DAA7EF}
		{77BDB939-370F-40A2-AEDB-35B40BDB868F} = {5142F925-8C15-4F35-BF53-0F977F85F3D0}
		{5F1DBC63-37BA-409A-B294-04B34A6E952C} = {5142F925-8C15-4F35-BF53-0F977F85F3D0}
		{E1304D0B-24D1-4B9F-9C88-51D730BADA73} = {5142F925-8C15-4F35-BF53-0F977F85F3D0}
		{8856B17C-7DE6-4BCE-9A69-89A91BE6E59D} = {D07F2AD8-0831-4F15-9B35-99D540DAA7EF}
	EndGlobalSection
EndGlobal
