
Microsoft Visual Studio Solution File, Format Version 12.00
# Visual Studio 14
VisualStudioVersion = 14.0.22310.1
MinimumVisualStudioVersion = 10.0.40219.1
Project("{FAE04EC0-301F-11D3-BF4B-00C04F79EFBC}") = "Tomato.MVVM", "Tomato.MVVM\Tomato.MVVM.csproj", "{DEEB75B1-D9CD-45E4-8AD4-AE6FD6B852CF}"
EndProject
Project("{FAE04EC0-301F-11D3-BF4B-00C04F79EFBC}") = "Tomato.MVVM.Wpf", "Tomato.MVVM.WPF\Tomato.MVVM.Wpf.csproj", "{8462605D-26AF-4A37-8BE7-309651791C26}"
EndProject
Global
	GlobalSection(SolutionConfigurationPlatforms) = preSolution
		Debug|Any CPU = Debug|Any CPU
		Release|Any CPU = Release|Any CPU
	EndGlobalSection
	GlobalSection(ProjectConfigurationPlatforms) = postSolution
		{DEEB75B1-D9CD-45E4-8AD4-AE6FD6B852CF}.Debug|Any CPU.ActiveCfg = Debug|Any CPU
		{DEEB75B1-D9CD-45E4-8AD4-AE6FD6B852CF}.Debug|Any CPU.Build.0 = Debug|Any CPU
		{DEEB75B1-D9CD-45E4-8AD4-AE6FD6B852CF}.Release|Any CPU.ActiveCfg = Release|Any CPU
		{DEEB75B1-D9CD-45E4-8AD4-AE6FD6B852CF}.Release|Any CPU.Build.0 = Release|Any CPU
		{8462605D-26AF-4A37-8BE7-309651791C26}.Debug|Any CPU.ActiveCfg = Debug|Any CPU
		{8462605D-26AF-4A37-8BE7-309651791C26}.Debug|Any CPU.Build.0 = Debug|Any CPU
		{8462605D-26AF-4A37-8BE7-309651791C26}.Release|Any CPU.ActiveCfg = Release|Any CPU
		{8462605D-26AF-4A37-8BE7-309651791C26}.Release|Any CPU.Build.0 = Release|Any CPU
	EndGlobalSection
	GlobalSection(SolutionProperties) = preSolution
		HideSolutionNode = FALSE
	EndGlobalSection
EndGlobal
