
Microsoft Visual Studio Solution File, Format Version 12.00
# Visual Studio 15
VisualStudioVersion = 15.0.26510.0
MinimumVisualStudioVersion = 10.0.40219.1
Project("{9A19103F-16F7-4668-BE54-9A1E7A4F7556}") = "Tomato.Mvvm.Core", "Tomato.Mvvm.Core\Tomato.Mvvm.Core.csproj", "{FEE5AB49-77DB-4AD9-B5BC-FC9FE5FCFB4D}"
EndProject
Project("{9A19103F-16F7-4668-BE54-9A1E7A4F7556}") = "Tomato.Mvvm.Caliburn", "Tomato.Mvvm.Caliburn\Tomato.Mvvm.Caliburn.csproj", "{793DACF7-B8C7-44ED-89DB-0BEF440A8947}"
EndProject
Project("{9A19103F-16F7-4668-BE54-9A1E7A4F7556}") = "Tomato.Mvvm.Xaml", "Tomato.Mvvm.Xaml\Tomato.Mvvm.Xaml.csproj", "{F8887636-0C2D-492A-902D-29BC65AF07AE}"
EndProject
Global
	GlobalSection(SolutionConfigurationPlatforms) = preSolution
		Debug|Any CPU = Debug|Any CPU
		Debug|ARM = Debug|ARM
		Debug|x64 = Debug|x64
		Debug|x86 = Debug|x86
		Release|Any CPU = Release|Any CPU
		Release|ARM = Release|ARM
		Release|x64 = Release|x64
		Release|x86 = Release|x86
	EndGlobalSection
	GlobalSection(ProjectConfigurationPlatforms) = postSolution
		{FEE5AB49-77DB-4AD9-B5BC-FC9FE5FCFB4D}.Debug|Any CPU.ActiveCfg = Debug|Any CPU
		{FEE5AB49-77DB-4AD9-B5BC-FC9FE5FCFB4D}.Debug|Any CPU.Build.0 = Debug|Any CPU
		{FEE5AB49-77DB-4AD9-B5BC-FC9FE5FCFB4D}.Debug|ARM.ActiveCfg = Debug|Any CPU
		{FEE5AB49-77DB-4AD9-B5BC-FC9FE5FCFB4D}.Debug|ARM.Build.0 = Debug|Any CPU
		{FEE5AB49-77DB-4AD9-B5BC-FC9FE5FCFB4D}.Debug|x64.ActiveCfg = Debug|Any CPU
		{FEE5AB49-77DB-4AD9-B5BC-FC9FE5FCFB4D}.Debug|x64.Build.0 = Debug|Any CPU
		{FEE5AB49-77DB-4AD9-B5BC-FC9FE5FCFB4D}.Debug|x86.ActiveCfg = Debug|Any CPU
		{FEE5AB49-77DB-4AD9-B5BC-FC9FE5FCFB4D}.Debug|x86.Build.0 = Debug|Any CPU
		{FEE5AB49-77DB-4AD9-B5BC-FC9FE5FCFB4D}.Release|Any CPU.ActiveCfg = Release|Any CPU
		{FEE5AB49-77DB-4AD9-B5BC-FC9FE5FCFB4D}.Release|Any CPU.Build.0 = Release|Any CPU
		{FEE5AB49-77DB-4AD9-B5BC-FC9FE5FCFB4D}.Release|ARM.ActiveCfg = Release|Any CPU
		{FEE5AB49-77DB-4AD9-B5BC-FC9FE5FCFB4D}.Release|ARM.Build.0 = Release|Any CPU
		{FEE5AB49-77DB-4AD9-B5BC-FC9FE5FCFB4D}.Release|x64.ActiveCfg = Release|Any CPU
		{FEE5AB49-77DB-4AD9-B5BC-FC9FE5FCFB4D}.Release|x64.Build.0 = Release|Any CPU
		{FEE5AB49-77DB-4AD9-B5BC-FC9FE5FCFB4D}.Release|x86.ActiveCfg = Release|Any CPU
		{FEE5AB49-77DB-4AD9-B5BC-FC9FE5FCFB4D}.Release|x86.Build.0 = Release|Any CPU
		{793DACF7-B8C7-44ED-89DB-0BEF440A8947}.Debug|Any CPU.ActiveCfg = Debug|Any CPU
		{793DACF7-B8C7-44ED-89DB-0BEF440A8947}.Debug|Any CPU.Build.0 = Debug|Any CPU
		{793DACF7-B8C7-44ED-89DB-0BEF440A8947}.Debug|ARM.ActiveCfg = Debug|Any CPU
		{793DACF7-B8C7-44ED-89DB-0BEF440A8947}.Debug|ARM.Build.0 = Debug|Any CPU
		{793DACF7-B8C7-44ED-89DB-0BEF440A8947}.Debug|x64.ActiveCfg = Debug|Any CPU
		{793DACF7-B8C7-44ED-89DB-0BEF440A8947}.Debug|x64.Build.0 = Debug|Any CPU
		{793DACF7-B8C7-44ED-89DB-0BEF440A8947}.Debug|x86.ActiveCfg = Debug|Any CPU
		{793DACF7-B8C7-44ED-89DB-0BEF440A8947}.Debug|x86.Build.0 = Debug|Any CPU
		{793DACF7-B8C7-44ED-89DB-0BEF440A8947}.Release|Any CPU.ActiveCfg = Release|Any CPU
		{793DACF7-B8C7-44ED-89DB-0BEF440A8947}.Release|Any CPU.Build.0 = Release|Any CPU
		{793DACF7-B8C7-44ED-89DB-0BEF440A8947}.Release|ARM.ActiveCfg = Release|Any CPU
		{793DACF7-B8C7-44ED-89DB-0BEF440A8947}.Release|ARM.Build.0 = Release|Any CPU
		{793DACF7-B8C7-44ED-89DB-0BEF440A8947}.Release|x64.ActiveCfg = Release|Any CPU
		{793DACF7-B8C7-44ED-89DB-0BEF440A8947}.Release|x64.Build.0 = Release|Any CPU
		{793DACF7-B8C7-44ED-89DB-0BEF440A8947}.Release|x86.ActiveCfg = Release|Any CPU
		{793DACF7-B8C7-44ED-89DB-0BEF440A8947}.Release|x86.Build.0 = Release|Any CPU
		{F8887636-0C2D-492A-902D-29BC65AF07AE}.Debug|Any CPU.ActiveCfg = Debug|Any CPU
		{F8887636-0C2D-492A-902D-29BC65AF07AE}.Debug|Any CPU.Build.0 = Debug|Any CPU
		{F8887636-0C2D-492A-902D-29BC65AF07AE}.Debug|ARM.ActiveCfg = Debug|Any CPU
		{F8887636-0C2D-492A-902D-29BC65AF07AE}.Debug|ARM.Build.0 = Debug|Any CPU
		{F8887636-0C2D-492A-902D-29BC65AF07AE}.Debug|x64.ActiveCfg = Debug|Any CPU
		{F8887636-0C2D-492A-902D-29BC65AF07AE}.Debug|x64.Build.0 = Debug|Any CPU
		{F8887636-0C2D-492A-902D-29BC65AF07AE}.Debug|x86.ActiveCfg = Debug|Any CPU
		{F8887636-0C2D-492A-902D-29BC65AF07AE}.Debug|x86.Build.0 = Debug|Any CPU
		{F8887636-0C2D-492A-902D-29BC65AF07AE}.Release|Any CPU.ActiveCfg = Release|Any CPU
		{F8887636-0C2D-492A-902D-29BC65AF07AE}.Release|Any CPU.Build.0 = Release|Any CPU
		{F8887636-0C2D-492A-902D-29BC65AF07AE}.Release|ARM.ActiveCfg = Release|Any CPU
		{F8887636-0C2D-492A-902D-29BC65AF07AE}.Release|ARM.Build.0 = Release|Any CPU
		{F8887636-0C2D-492A-902D-29BC65AF07AE}.Release|x64.ActiveCfg = Release|Any CPU
		{F8887636-0C2D-492A-902D-29BC65AF07AE}.Release|x64.Build.0 = Release|Any CPU
		{F8887636-0C2D-492A-902D-29BC65AF07AE}.Release|x86.ActiveCfg = Release|Any CPU
		{F8887636-0C2D-492A-902D-29BC65AF07AE}.Release|x86.Build.0 = Release|Any CPU
	EndGlobalSection
	GlobalSection(SolutionProperties) = preSolution
		HideSolutionNode = FALSE
	EndGlobalSection
EndGlobal
